
Microsoft Visual Studio Solution File, Format Version 12.00
# Visual Studio Version 16
VisualStudioVersion = 16.0.30717.126
MinimumVisualStudioVersion = 10.0.40219.1
Project("{FAE04EC0-301F-11D3-BF4B-00C04F79EFBC}") = "ThePortal", "ThePortal.csproj", "{65BB149A-FC92-473C-9AD3-9F5A47209479}"
EndProject
Global
	GlobalSection(SolutionConfigurationPlatforms) = preSolution
		Debug|Any CPU = Debug|Any CPU
		Release|Any CPU = Release|Any CPU
	EndGlobalSection
	GlobalSection(ProjectConfigurationPlatforms) = postSolution
		{65BB149A-FC92-473C-9AD3-9F5A47209479}.Debug|Any CPU.ActiveCfg = Debug|Any CPU
		{65BB149A-FC92-473C-9AD3-9F5A47209479}.Debug|Any CPU.Build.0 = Debug|Any CPU
		{65BB149A-FC92-473C-9AD3-9F5A47209479}.Release|Any CPU.ActiveCfg = Release|Any CPU
		{65BB149A-FC92-473C-9AD3-9F5A47209479}.Release|Any CPU.Build.0 = Release|Any CPU
	EndGlobalSection
	GlobalSection(SolutionProperties) = preSolution
		HideSolutionNode = FALSE
	EndGlobalSection
	GlobalSection(ExtensibilityGlobals) = postSolution
		SolutionGuid = {E77F57B1-79C2-45C0-B665-182A713D2AA1}
	EndGlobalSection
EndGlobal
